hash: 426b6ce01e413ebdb0f8a60f01573fe4e29ed91bc7ebfd0ee83dc5024062ccbf
updated: 2018-03-17T14:32:02.875600178-04:00
imports:
- name: github.com/codegangsta/negroni
  version: 5dbbc83f748fc3ad38585842b0aedab546d0ea1e
- name: github.com/gorilla/context
  version: 08b5f424b9271eedf6f9f0ce86cb9396ed337a42
- name: github.com/gorilla/mux
  version: 53c1911da2b537f792e7cafcb446b05ffe33b996
- name: github.com/gorilla/securecookie
  version: e59506cc896acb7f7bf732d4fdf5e25f7ccd8983
- name: github.com/HuzaifaAhmad/mirsab
  version: dd850ed81524bef356408a13bf2e1d05b92b0602
  subpackages:
  - handlers
  - handlers/admin
  - models
- name: github.com/lib/pq
  version: 88edab0803230a3898347e77b474f8c1820a1f20
  subpackages:
  - oid
- name: golang.org/x/crypto
  version: 374053ea96cb300f8671b8d3b07edeeb06e203b4
  subpackages:
  - bcrypt
  - blowfish
testImports: []
